// !$*UTF8*$!
{
	archiveVersion = 1;
	classes = {
	};
	objectVersion = 50;
	objects = {

/* Begin PBXBuildFile section */
		3DBED9072332D2E200FFE603 /* AppDelegate.swift in Sources */ = {isa = PBXBuildFile; fileRef = 3DBED9062332D2E200FFE603 /* AppDelegate.swift */; };
		3DBED9092332D2E200FFE603 /* ViewController.swift in Sources */ = {isa = PBXBuildFile; fileRef = 3DBED9082332D2E200FFE603 /* ViewController.swift */; };
		3DBED90C2332D2E200FFE603 /* Main.storyboard in Resources */ = {isa = PBXBuildFile; fileRef = 3DBED90A2332D2E200FFE603 /* Main.storyboard */; };
		3DBED90E2332D2E900FFE603 /* Assets.xcassets in Resources */ = {isa = PBXBuildFile; fileRef = 3DBED90D2332D2E900FFE603 /* Assets.xcassets */; };
		3DBED9112332D2E900FFE603 /* LaunchScreen.storyboard in Resources */ = {isa = PBXBuildFile; fileRef = 3DBED90F2332D2E900FFE603 /* LaunchScreen.storyboard */; };
		3DBED91C2332D2EA00FFE603 /* PeliculaTests.swift in Sources */ = {isa = PBXBuildFile; fileRef = 3DBED91B2332D2EA00FFE603 /* PeliculaTests.swift */; };
		3DBED9272332D2EA00FFE603 /* PeliculaUITests.swift in Sources */ = {isa = PBXBuildFile; fileRef = 3DBED9262332D2EA00FFE603 /* PeliculaUITests.swift */; };
		3DBED93A2332D45400FFE603 /* Pelicula.swift in Sources */ = {isa = PBXBuildFile; fileRef = 3DBED9392332D45400FFE603 /* Pelicula.swift */; };
		3DBED93C2332D7D300FFE603 /* CeldaPeliculaController.swift in Sources */ = {isa = PBXBuildFile; fileRef = 3DBED93B2332D7D300FFE603 /* CeldaPeliculaController.swift */; };
/* End PBXBuildFile section */

/* Begin PBXContainerItemProxy section */
		3DBED9182332D2EA00FFE603 /* PBXContainerItemProxy */ = {
			isa = PBXContainerItemProxy;
			containerPortal = 3DBED8FB2332D2E200FFE603 /* Project object */;
			proxyType = 1;
			remoteGlobalIDString = 3DBED9022332D2E200FFE603;
			remoteInfo = Pelicula;
		};
		3DBED9232332D2EA00FFE603 /* PBXContainerItemProxy */ = {
			isa = PBXContainerItemProxy;
			containerPortal = 3DBED8FB2332D2E200FFE603 /* Project object */;
			proxyType = 1;
			remoteGlobalIDString = 3DBED9022332D2E200FFE603;
			remoteInfo = Pelicula;
		};
/* End PBXContainerItemProxy section */

/* Begin PBXFileReference section */
		3DBED9032332D2E200FFE603 /* Pelicula.app */ = {isa = PBXFileReference; explicitFileType = wrapper.application; includeInIndex = 0; path = Pelicula.app; sourceTree = BUILT_PRODUCTS_DIR; };
		3DBED9062332D2E200FFE603 /* AppDelegate.swift */ = {isa = PBXFileReference; lastKnownFileType = sourcecode.swift; path = AppDelegate.swift; sourceTree = "<group>"; };
		3DBED9082332D2E200FFE603 /* ViewController.swift */ = {isa = PBXFileReference; lastKnownFileType = sourcecode.swift; path = ViewController.swift; sourceTree = "<group>"; };
		3DBED90B2332D2E200FFE603 /* Base */ = {isa = PBXFileReference; lastKnownFileType = file.storyboard; name = Base; path = Base.lproj/Main.storyboard; sourceTree = "<group>"; };
		3DBED90D2332D2E900FFE603 /* Assets.xcassets */ = {isa = PBXFileReference; lastKnownFileType = folder.assetcatalog; path = Assets.xcassets; sourceTree = "<group>"; };
		3DBED9102332D2E900FFE603 /* Base */ = {isa = PBXFileReference; lastKnownFileType = file.storyboard; name = Base; path = Base.lproj/LaunchScreen.storyboard; sourceTree = "<group>"; };
		3DBED9122332D2E900FFE603 /* Info.plist */ = {isa = PBXFileReference; lastKnownFileType = text.plist.xml; path = Info.plist; sourceTree = "<group>"; };
		3DBED9172332D2EA00FFE603 /* PeliculaTests.xctest */ = {isa = PBXFileReference; explicitFileType = wrapper.cfbundle; includeInIndex = 0; path = PeliculaTests.xctest; sourceTree = BUILT_PRODUCTS_DIR; };
		3DBED91B2332D2EA00FFE603 /* PeliculaTests.swift */ = {isa = PBXFileReference; lastKnownFileType = sourcecode.swift; path = PeliculaTests.swift; sourceTree = "<group>"; };
		3DBED91D2332D2EA00FFE603 /* Info.plist */ = {isa = PBXFileReference; lastKnownFileType = text.plist.xml; path = Info.plist; sourceTree = "<group>"; };
		3DBED9222332D2EA00FFE603 /* PeliculaUITests.xctest */ = {isa = PBXFileReference; explicitFileType = wrapper.cfbundle; includeInIndex = 0; path = PeliculaUITests.xctest; sourceTree = BUILT_PRODUCTS_DIR; };
		3DBED9262332D2EA00FFE603 /* PeliculaUITests.swift */ = {isa = PBXFileReference; lastKnownFileType = sourcecode.swift; path = PeliculaUITests.swift; sourceTree = "<group>"; };
		3DBED9282332D2EA00FFE603 /* Info.plist */ = {isa = PBXFileReference; lastKnownFileType = text.plist.xml; path = Info.plist; sourceTree = "<group>"; };
		3DBED9392332D45400FFE603 /* Pelicula.swift */ = {isa = PBXFileReference; lastKnownFileType = sourcecode.swift; path = Pelicula.swift; sourceTree = "<group>"; };
		3DBED93B2332D7D300FFE603 /* CeldaPeliculaController.swift */ = {isa = PBXFileReference; lastKnownFileType = sourcecode.swift; path = CeldaPeliculaController.swift; sourceTree = "<group>"; };
/* End PBXFileReference section */

/* Begin PBXFrameworksBuildPhase section */
		3DBED9002332D2E200FFE603 /* Frameworks */ = {
			isa = PBXFrameworksBuildPhase;
			buildActionMask = 2147483647;
			files = (
			);
			runOnlyForDeploymentPostprocessing = 0;
		};
		3DBED9142332D2EA00FFE603 /* Frameworks */ = {
			isa = PBXFrameworksBuildPhase;
			buildActionMask = 2147483647;
			files = (
			);
			runOnlyForDeploymentPostprocessing = 0;
		};
		3DBED91F2332D2EA00FFE603 /* Frameworks */ = {
			isa = PBXFrameworksBuildPhase;
			buildActionMask = 2147483647;
			files = (
			);
			runOnlyForDeploymentPostprocessing = 0;
		};
/* End PBXFrameworksBuildPhase section */

/* Begin PBXGroup section */
		3DBED8FA2332D2E200FFE603 = {
			isa = PBXGroup;
			children = (
				3DBED9052332D2E200FFE603 /* Pelicula */,
				3DBED91A2332D2EA00FFE603 /* PeliculaTests */,
				3DBED9252332D2EA00FFE603 /* PeliculaUITests */,
				3DBED9042332D2E200FFE603 /* Products */,
			);
			sourceTree = "<group>";
		};
		3DBED9042332D2E200FFE603 /* Products */ = {
			isa = PBXGroup;
			children = (
				3DBED9032332D2E200FFE603 /* Pelicula.app */,
				3DBED9172332D2EA00FFE603 /* PeliculaTests.xctest */,
				3DBED9222332D2EA00FFE603 /* PeliculaUITests.xctest */,
			);
			name = Products;
			sourceTree = "<group>";
		};
		3DBED9052332D2E200FFE603 /* Pelicula */ = {
			isa = PBXGroup;
			children = (
				3DBED9382332D42200FFE603 /* ViewController */,
				3DBED9372332D41800FFE603 /* Storyboards */,
				3DBED9362332D41200FFE603 /* Resources */,
				3DBED9352332D40C00FFE603 /* App */,
				3DBED9342332D40200FFE603 /* Models */,
			);
			path = Pelicula;
			sourceTree = "<group>";
		};
		3DBED91A2332D2EA00FFE603 /* PeliculaTests */ = {
			isa = PBXGroup;
			children = (
				3DBED91B2332D2EA00FFE603 /* PeliculaTests.swift */,
				3DBED91D2332D2EA00FFE603 /* Info.plist */,
			);
			path = PeliculaTests;
			sourceTree = "<group>";
		};
		3DBED9252332D2EA00FFE603 /* PeliculaUITests */ = {
			isa = PBXGroup;
			children = (
				3DBED9262332D2EA00FFE603 /* PeliculaUITests.swift */,
				3DBED9282332D2EA00FFE603 /* Info.plist */,
			);
			path = PeliculaUITests;
			sourceTree = "<group>";
		};
		3DBED9342332D40200FFE603 /* Models */ = {
			isa = PBXGroup;
			children = (
				3DBED9392332D45400FFE603 /* Pelicula.swift */,
			);
			name = Models;
			sourceTree = "<group>";
		};
		3DBED9352332D40C00FFE603 /* App */ = {
			isa = PBXGroup;
			children = (
				3DBED9062332D2E200FFE603 /* AppDelegate.swift */,
				3DBED9122332D2E900FFE603 /* Info.plist */,
			);
			name = App;
			sourceTree = "<group>";
		};
		3DBED9362332D41200FFE603 /* Resources */ = {
			isa = PBXGroup;
			children = (
				3DBED90D2332D2E900FFE603 /* Assets.xcassets */,
			);
			name = Resources;
			sourceTree = "<group>";
		};
		3DBED9372332D41800FFE603 /* Storyboards */ = {
			isa = PBXGroup;
			children = (
				3DBED90A2332D2E200FFE603 /* Main.storyboard */,
				3DBED90F2332D2E900FFE603 /* LaunchScreen.storyboard */,
			);
			name = Storyboards;
			sourceTree = "<group>";
		};
		3DBED9382332D42200FFE603 /* ViewController */ = {
			isa = PBXGroup;
			children = (
				3DBED9082332D2E200FFE603 /* ViewController.swift */,
				3DBED93B2332D7D300FFE603 /* CeldaPeliculaController.swift */,
			);
			name = ViewController;
			sourceTree = "<group>";
		};
/* End PBXGroup section */

/* Begin PBXNativeTarget section */
		3DBED9022332D2E200FFE603 /* Pelicula */ = {
			isa = PBXNativeTarget;
			buildConfigurationList = 3DBED92B2332D2EA00FFE603 /* Build configuration list for PBXNativeTarget "Pelicula" */;
			buildPhases = (
				3DBED8FF2332D2E200FFE603 /* Sources */,
				3DBED9002332D2E200FFE603 /* Frameworks */,
				3DBED9012332D2E200FFE603 /* Resources */,
			);
			buildRules = (
			);
			dependencies = (
			);
			name = Pelicula;
			productName = Pelicula;
			productReference = 3DBED9032332D2E200FFE603 /* Pelicula.app */;
			productType = "com.apple.product-type.application";
		};
		3DBED9162332D2EA00FFE603 /* PeliculaTests */ = {
			isa = PBXNativeTarget;
			buildConfigurationList = 3DBED92E2332D2EA00FFE603 /* Build configuration list for PBXNativeTarget "PeliculaTests" */;
			buildPhases = (
				3DBED9132332D2EA00FFE603 /* Sources */,
				3DBED9142332D2EA00FFE603 /* Frameworks */,
				3DBED9152332D2EA00FFE603 /* Resources */,
			);
			buildRules = (
			);
			dependencies = (
				3DBED9192332D2EA00FFE603 /* PBXTargetDependency */,
			);
			name = PeliculaTests;
			productName = PeliculaTests;
			productReference = 3DBED9172332D2EA00FFE603 /* PeliculaTests.xctest */;
			productType = "com.apple.product-type.bundle.unit-test";
		};
		3DBED9212332D2EA00FFE603 /* PeliculaUITests */ = {
			isa = PBXNativeTarget;
			buildConfigurationList = 3DBED9312332D2EA00FFE603 /* Build configuration list for PBXNativeTarget "PeliculaUITests" */;
			buildPhases = (
				3DBED91E2332D2EA00FFE603 /* Sources */,
				3DBED91F2332D2EA00FFE603 /* Frameworks */,
				3DBED9202332D2EA00FFE603 /* Resources */,
			);
			buildRules = (
			);
			dependencies = (
				3DBED9242332D2EA00FFE603 /* PBXTargetDependency */,
			);
			name = PeliculaUITests;
			productName = PeliculaUITests;
			productReference = 3DBED9222332D2EA00FFE603 /* PeliculaUITests.xctest */;
			productType = "com.apple.product-type.bundle.ui-testing";
		};
/* End PBXNativeTarget section */

/* Begin PBXProject section */
		3DBED8FB2332D2E200FFE603 /* Project object */ = {
			isa = PBXProject;
			attributes = {
				LastSwiftUpdateCheck = 1030;
				LastUpgradeCheck = 1030;
				ORGANIZATIONNAME = fer;
				TargetAttributes = {
					3DBED9022332D2E200FFE603 = {
						CreatedOnToolsVersion = 10.3;
					};
					3DBED9162332D2EA00FFE603 = {
						CreatedOnToolsVersion = 10.3;
						TestTargetID = 3DBED9022332D2E200FFE603;
					};
					3DBED9212332D2EA00FFE603 = {
						CreatedOnToolsVersion = 10.3;
						TestTargetID = 3DBED9022332D2E200FFE603;
					};
				};
			};
			buildConfigurationList = 3DBED8FE2332D2E200FFE603 /* Build configuration list for PBXProject "Pelicula" */;
			compatibilityVersion = "Xcode 9.3";
			developmentRegion = en;
			hasScannedForEncodings = 0;
			knownRegions = (
				en,
				Base,
			);
			mainGroup = 3DBED8FA2332D2E200FFE603;
			productRefGroup = 3DBED9042332D2E200FFE603 /* Products */;
			projectDirPath = "";
			projectRoot = "";
			targets = (
				3DBED9022332D2E200FFE603 /* Pelicula */,
				3DBED9162332D2EA00FFE603 /* PeliculaTests */,
				3DBED9212332D2EA00FFE603 /* PeliculaUITests */,
			);
		};
/* End PBXProject section */

/* Begin PBXResourcesBuildPhase section */
		3DBED9012332D2E200FFE603 /* Resources */ = {
			isa = PBXResourcesBuildPhase;
			buildActionMask = 2147483647;
			files = (
				3DBED9112332D2E900FFE603 /* LaunchScreen.storyboard in Resources */,
				3DBED90E2332D2E900FFE603 /* Assets.xcassets in Resources */,
				3DBED90C2332D2E200FFE603 /* Main.storyboard in Resources */,
			);
			runOnlyForDeploymentPostprocessing = 0;
		};
		3DBED9152332D2EA00FFE603 /* Resources */ = {
			isa = PBXResourcesBuildPhase;
			buildActionMask = 2147483647;
			files = (
			);
			runOnlyForDeploymentPostprocessing = 0;
		};
		3DBED9202332D2EA00FFE603 /* Resources */ = {
			isa = PBXResourcesBuildPhase;
			buildActionMask = 2147483647;
			files = (
			);
			runOnlyForDeploymentPostprocessing = 0;
		};
/* End PBXResourcesBuildPhase section */

/* Begin PBXSourcesBuildPhase section */
		3DBED8FF2332D2E200FFE603 /* Sources */ = {
			isa = PBXSourcesBuildPhase;
			buildActionMask = 2147483647;
			files = (
				3DBED93C2332D7D300FFE603 /* CeldaPeliculaController.swift in Sources */,
				3DBED93A2332D45400FFE603 /* Pelicula.swift in Sources */,
				3DBED9092332D2E200FFE603 /* ViewController.swift in Sources */,
				3DBED9072332D2E200FFE603 /* AppDelegate.swift in Sources */,
			);
			runOnlyForDeploymentPostprocessing = 0;
		};
		3DBED9132332D2EA00FFE603 /* Sources */ = {
			isa = PBXSourcesBuildPhase;
			buildActionMask = 2147483647;
			files = (
				3DBED91C2332D2EA00FFE603 /* PeliculaTests.swift in Sources */,
			);
			runOnlyForDeploymentPostprocessing = 0;
		};
		3DBED91E2332D2EA00FFE603 /* Sources */ = {
			isa = PBXSourcesBuildPhase;
			buildActionMask = 2147483647;
			files = (
				3DBED9272332D2EA00FFE603 /* PeliculaUITests.swift in Sources */,
			);
			runOnlyForDeploymentPostprocessing = 0;
		};
/* End PBXSourcesBuildPhase section */

/* Begin PBXTargetDependency section */
		3DBED9192332D2EA00FFE603 /* PBXTargetDependency */ = {
			isa = PBXTargetDependency;
			target = 3DBED9022332D2E200FFE603 /* Pelicula */;
			targetProxy = 3DBED9182332D2EA00FFE603 /* PBXContainerItemProxy */;
		};
		3DBED9242332D2EA00FFE603 /* PBXTargetDependency */ = {
			isa = PBXTargetDependency;
			target = 3DBED9022332D2E200FFE603 /* Pelicula */;
			targetProxy = 3DBED9232332D2EA00FFE603 /* PBXContainerItemProxy */;
		};
/* End PBXTargetDependency section */

/* Begin PBXVariantGroup section */
		3DBED90A2332D2E200FFE603 /* Main.storyboard */ = {
			isa = PBXVariantGroup;
			children = (
				3DBED90B2332D2E200FFE603 /* Base */,
			);
			name = Main.storyboard;
			sourceTree = "<group>";
		};
		3DBED90F2332D2E900FFE603 /* LaunchScreen.storyboard */ = {
			isa = PBXVariantGroup;
			children = (
				3DBED9102332D2E900FFE603 /* Base */,
			);
			name = LaunchScreen.storyboard;
			sourceTree = "<group>";
		};
/* End PBXVariantGroup section */

/* Begin XCBuildConfiguration section */
		3DBED9292332D2EA00FFE603 /* Debug */ = {
			isa = XCBuildConfiguration;
			buildSettings = {
				ALWAYS_SEARCH_USER_PATHS = NO;
				CLANG_ANALYZER_NONNULL = YES;
				CLANG_ANALYZER_NUMBER_OBJECT_CONVERSION = YES_AGGRESSIVE;
				CLANG_CXX_LANGUAGE_STANDARD = "gnu++14";
				CLANG_CXX_LIBRARY = "libc++";
				CLANG_ENABLE_MODULES = YES;
				CLANG_ENABLE_OBJC_ARC = YES;
				CLANG_ENABLE_OBJC_WEAK = YES;
				CLANG_WARN_BLOCK_CAPTURE_AUTORELEASING = YES;
				CLANG_WARN_BOOL_CONVERSION = YES;
				CLANG_WARN_COMMA = YES;
				CLANG_WARN_CONSTANT_CONVERSION = YES;
				CLANG_WARN_DEPRECATED_OBJC_IMPLEMENTATIONS = YES;
				CLANG_WARN_DIRECT_OBJC_ISA_USAGE = YES_ERROR;
				CLANG_WARN_DOCUMENTATION_COMMENTS = YES;
				CLANG_WARN_EMPTY_BODY = YES;
				CLANG_WARN_ENUM_CONVERSION = YES;
				CLANG_WARN_INFINITE_RECURSION = YES;
				CLANG_WARN_INT_CONVERSION = YES;
				CLANG_WARN_NON_LITERAL_NULL_CONVERSION = YES;
				CLANG_WARN_OBJC_IMPLICIT_RETAIN_SELF = YES;
				CLANG_WARN_OBJC_LITERAL_CONVERSION = YES;
				CLANG_WARN_OBJC_ROOT_CLASS = YES_ERROR;
				CLANG_WARN_RANGE_LOOP_ANALYSIS = YES;
				CLANG_WARN_STRICT_PROTOTYPES = YES;
				CLANG_WARN_SUSPICIOUS_MOVE = YES;
				CLANG_WARN_UNGUARDED_AVAILABILITY = YES_AGGRESSIVE;
				CLANG_WARN_UNREACHABLE_CODE = YES;
				CLANG_WARN__DUPLICATE_METHOD_MATCH = YES;
				CODE_SIGN_IDENTITY = "iPhone Developer";
				COPY_PHASE_STRIP = NO;
				DEBUG_INFORMATION_FORMAT = dwarf;
				ENABLE_STRICT_OBJC_MSGSEND = YES;
				ENABLE_TESTABILITY = YES;
				GCC_C_LANGUAGE_STANDARD = gnu11;
				GCC_DYNAMIC_NO_PIC = NO;
				GCC_NO_COMMON_BLOCKS = YES;
				GCC_OPTIMIZATION_LEVEL = 0;
				GCC_PREPROCESSOR_DEFINITIONS = (
					"DEBUG=1",
					"$(inherited)",
				);
				GCC_WARN_64_TO_32_BIT_CONVERSION = YES;
				GCC_WARN_ABOUT_RETURN_TYPE = YES_ERROR;
				GCC_WARN_UNDECLARED_SELECTOR = YES;
				GCC_WARN_UNINITIALIZED_AUTOS = YES_AGGRESSIVE;
				GCC_WARN_UNUSED_FUNCTION = YES;
				GCC_WARN_UNUSED_VARIABLE = YES;
				IPHONEOS_DEPLOYMENT_TARGET = 12.4;
				MTL_ENABLE_DEBUG_INFO = INCLUDE_SOURCE;
				MTL_FAST_MATH = YES;
				ONLY_ACTIVE_ARCH = YES;
				SDKROOT = iphoneos;
				SWIFT_ACTIVE_COMPILATION_CONDITIONS = DEBUG;
				SWIFT_OPTIMIZATION_LEVEL = "-Onone";
			};
			name = Debug;
		};
		3DBED92A2332D2EA00FFE603 /* Release */ = {
			isa = XCBuildConfiguration;
			buildSettings = {
				ALWAYS_SEARCH_USER_PATHS = NO;
				CLANG_ANALYZER_NONNULL = YES;
				CLANG_ANALYZER_NUMBER_OBJECT_CONVERSION = YES_AGGRESSIVE;
				CLANG_CXX_LANGUAGE_STANDARD = "gnu++14";
				CLANG_CXX_LIBRARY = "libc++";
				CLANG_ENABLE_MODULES = YES;
				CLANG_ENABLE_OBJC_ARC = YES;
				CLANG_ENABLE_OBJC_WEAK = YES;
				CLANG_WARN_BLOCK_CAPTURE_AUTORELEASING = YES;
				CLANG_WARN_BOOL_CONVERSION = YES;
				CLANG_WARN_COMMA = YES;
				CLANG_WARN_CONSTANT_CONVERSION = YES;
				CLANG_WARN_DEPRECATED_OBJC_IMPLEMENTATIONS = YES;
				CLANG_WARN_DIRECT_OBJC_ISA_USAGE = YES_ERROR;
				CLANG_WARN_DOCUMENTATION_COMMENTS = YES;
				CLANG_WARN_EMPTY_BODY = YES;
				CLANG_WARN_ENUM_CONVERSION = YES;
				CLANG_WARN_INFINITE_RECURSION = YES;
				CLANG_WARN_INT_CONVERSION = YES;
				CLANG_WARN_NON_LITERAL_NULL_CONVERSION = YES;
				CLANG_WARN_OBJC_IMPLICIT_RETAIN_SELF = YES;
				CLANG_WARN_OBJC_LITERAL_CONVERSION = YES;
				CLANG_WARN_OBJC_ROOT_CLASS = YES_ERROR;
				CLANG_WARN_RANGE_LOOP_ANALYSIS = YES;
				CLANG_WARN_STRICT_PROTOTYPES = YES;
				CLANG_WARN_SUSPICIOUS_MOVE = YES;
				CLANG_WARN_UNGUARDED_AVAILABILITY = YES_AGGRESSIVE;
				CLANG_WARN_UNREACHABLE_CODE = YES;
				CLANG_WARN__DUPLICATE_METHOD_MATCH = YES;
				CODE_SIGN_IDENTITY = "iPhone Developer";
				COPY_PHASE_STRIP = NO;
				DEBUG_INFORMATION_FORMAT = "dwarf-with-dsym";
				ENABLE_NS_ASSERTIONS = NO;
				ENABLE_STRICT_OBJC_MSGSEND = YES;
				GCC_C_LANGUAGE_STANDARD = gnu11;
				GCC_NO_COMMON_BLOCKS = YES;
				GCC_WARN_64_TO_32_BIT_CONVERSION = YES;
				GCC_WARN_ABOUT_RETURN_TYPE = YES_ERROR;
				GCC_WARN_UNDECLARED_SELECTOR = YES;
				GCC_WARN_UNINITIALIZED_AUTOS = YES_AGGRESSIVE;
				GCC_WARN_UNUSED_FUNCTION = YES;
				GCC_WARN_UNUSED_VARIABLE = YES;
				IPHONEOS_DEPLOYMENT_TARGET = 12.4;
				MTL_ENABLE_DEBUG_INFO = NO;
				MTL_FAST_MATH = YES;
				SDKROOT = iphoneos;
				SWIFT_COMPILATION_MODE = wholemodule;
				SWIFT_OPTIMIZATION_LEVEL = "-O";
				VALIDATE_PRODUCT = YES;
			};
			name = Release;
		};
		3DBED92C2332D2EA00FFE603 /* Debug */ = {
			isa = XCBuildConfiguration;
			buildSettings = {
				ASSETCATALOG_COMPILER_APPICON_NAME = AppIcon;
				CODE_SIGN_STYLE = Automatic;
				INFOPLIST_FILE = Pelicula/Info.plist;
				LD_RUNPATH_SEARCH_PATHS = (
					"$(inherited)",
					"@executable_path/Frameworks",
				);
				PRODUCT_BUNDLE_IDENTIFIER = mx.fer.Pelicula;
				PRODUCT_NAME = "$(TARGET_NAME)";
				SWIFT_VERSION = 5.0;
				TARGETED_DEVICE_FAMILY = "1,2";
			};
			name = Debug;
		};
		3DBED92D2332D2EA00FFE603 /* Release */ = {
			isa = XCBuildConfiguration;
			buildSettings = {
				ASSETCATALOG_COMPILER_APPICON_NAME = AppIcon;
				CODE_SIGN_STYLE = Automatic;
				INFOPLIST_FILE = Pelicula/Info.plist;
				LD_RUNPATH_SEARCH_PATHS = (
					"$(inherited)",
					"@executable_path/Frameworks",
				);
				PRODUCT_BUNDLE_IDENTIFIER = mx.fer.Pelicula;
				PRODUCT_NAME = "$(TARGET_NAME)";
				SWIFT_VERSION = 5.0;
				TARGETED_DEVICE_FAMILY = "1,2";
			};
			name = Release;
		};
		3DBED92F2332D2EA00FFE603 /* Debug */ = {
			isa = XCBuildConfiguration;
			buildSettings = {
				ALWAYS_EMBED_SWIFT_STANDARD_LIBRARIES = YES;
				BUNDLE_LOADER = "$(TEST_HOST)";
				CODE_SIGN_STYLE = Automatic;
				INFOPLIST_FILE = PeliculaTests/Info.plist;
				LD_RUNPATH_SEARCH_PATHS = (
					"$(inherited)",
					"@executable_path/Frameworks",
					"@loader_path/Frameworks",
				);
				PRODUCT_BUNDLE_IDENTIFIER = mx.fer.PeliculaTests;
				PRODUCT_NAME = "$(TARGET_NAME)";
				SWIFT_VERSION = 5.0;
				TARGETED_DEVICE_FAMILY = "1,2";
				TEST_HOST = "$(BUILT_PRODUCTS_DIR)/Pelicula.app/Pelicula";
			};
			name = Debug;
		};
		3DBED9302332D2EA00FFE603 /* Release */ = {
			isa = XCBuildConfiguration;
			buildSettings = {
				ALWAYS_EMBED_SWIFT_STANDARD_LIBRARIES = YES;
				BUNDLE_LOADER = "$(TEST_HOST)";
				CODE_SIGN_STYLE = Automatic;
				INFOPLIST_FILE = PeliculaTests/Info.plist;
				LD_RUNPATH_SEARCH_PATHS = (
					"$(inherited)",
					"@executable_path/Frameworks",
					"@loader_path/Frameworks",
				);
				PRODUCT_BUNDLE_IDENTIFIER = mx.fer.PeliculaTests;
				PRODUCT_NAME = "$(TARGET_NAME)";
				SWIFT_VERSION = 5.0;
				TARGETED_DEVICE_FAMILY = "1,2";
				TEST_HOST = "$(BUILT_PRODUCTS_DIR)/Pelicula.app/Pelicula";
			};
			name = Release;
		};
		3DBED9322332D2EA00FFE603 /* Debug */ = {
			isa = XCBuildConfiguration;
			buildSettings = {
				ALWAYS_EMBED_SWIFT_STANDARD_LIBRARIES = YES;
				CODE_SIGN_STYLE = Automatic;
				INFOPLIST_FILE = PeliculaUITests/Info.plist;
				LD_RUNPATH_SEARCH_PATHS = (
					"$(inherited)",
					"@executable_path/Frameworks",
					"@loader_path/Frameworks",
				);
				PRODUCT_BUNDLE_IDENTIFIER = mx.fer.PeliculaUITests;
				PRODUCT_NAME = "$(TARGET_NAME)";
				SWIFT_VERSION = 5.0;
				TARGETED_DEVICE_FAMILY = "1,2";
				TEST_TARGET_NAME = Pelicula;
			};
			name = Debug;
		};
		3DBED9332332D2EA00FFE603 /* Release */ = {
			isa = XCBuildConfiguration;
			buildSettings = {
				ALWAYS_EMBED_SWIFT_STANDARD_LIBRARIES = YES;
				CODE_SIGN_STYLE = Automatic;
				INFOPLIST_FILE = PeliculaUITests/Info.plist;
				LD_RUNPATH_SEARCH_PATHS = (
					"$(inherited)",
					"@executable_path/Frameworks",
					"@loader_path/Frameworks",
				);
				PRODUCT_BUNDLE_IDENTIFIER = mx.fer.PeliculaUITests;
				PRODUCT_NAME = "$(TARGET_NAME)";
				SWIFT_VERSION = 5.0;
				TARGETED_DEVICE_FAMILY = "1,2";
				TEST_TARGET_NAME = Pelicula;
			};
			name = Release;
		};
/* End XCBuildConfiguration section */

/* Begin XCConfigurationList section */
		3DBED8FE2332D2E200FFE603 /* Build configuration list for PBXProject "Pelicula" */ = {
			isa = XCConfigurationList;
			buildConfigurations = (
				3DBED9292332D2EA00FFE603 /* Debug */,
				3DBED92A2332D2EA00FFE603 /* Release */,
			);
			defaultConfigurationIsVisible = 0;
			defaultConfigurationName = Release;
		};
		3DBED92B2332D2EA00FFE603 /* Build configuration list for PBXNativeTarget "Pelicula" */ = {
			isa = XCConfigurationList;
			buildConfigurations = (
				3DBED92C2332D2EA00FFE603 /* Debug */,
				3DBED92D2332D2EA00FFE603 /* Release */,
			);
			defaultConfigurationIsVisible = 0;
			defaultConfigurationName = Release;
		};
		3DBED92E2332D2EA00FFE603 /* Build configuration list for PBXNativeTarget "PeliculaTests" */ = {
			isa = XCConfigurationList;
			buildConfigurations = (
				3DBED92F2332D2EA00FFE603 /* Debug */,
				3DBED9302332D2EA00FFE603 /* Release */,
			);
			defaultConfigurationIsVisible = 0;
			defaultConfigurationName = Release;
		};
		3DBED9312332D2EA00FFE603 /* Build configuration list for PBXNativeTarget "PeliculaUITests" */ = {
			isa = XCConfigurationList;
			buildConfigurations = (
				3DBED9322332D2EA00FFE603 /* Debug */,
				3DBED9332332D2EA00FFE603 /* Release */,
			);
			defaultConfigurationIsVisible = 0;
			defaultConfigurationName = Release;
		};
/* End XCConfigurationList section */
	};
	rootObject = 3DBED8FB2332D2E200FFE603 /* Project object */;
}
